
Microsoft Visual Studio Solution File, Format Version 12.00
# Visual Studio Version 17
VisualStudioVersion = 17.0.32112.339
MinimumVisualStudioVersion = 10.0.40219.1
Project("{00D1A9C2-B5F0-4AF3-8072-F6C62B433612}") = "UNIZA_KIS_DB", "UserDB\UNIZA_KIS_DB.sqlproj", "{D5A64B51-2DD4-4F8D-9228-8DC692EDDC5D}"
EndProject
Project("{9A19103F-16F7-4668-BE54-9A1E7A4F7556}") = "ZUEPC.DataAccess", "DataAccess\ZUEPC.DataAccess.csproj", "{DE107834-6A44-4FCD-8000-9AB8A97B3BA5}"
EndProject
Project("{2150E333-8FDC-42A3-9474-1A3956D46DE8}") = "Solution Items", "Solution Items", "{A3156697-15C3-4CD3-A9A9-FF6E3D486736}"
	ProjectSection(SolutionItems) = preProject
		.editorconfig = .editorconfig
	EndProjectSection
EndProject
Project("{9A19103F-16F7-4668-BE54-9A1E7A4F7556}") = "MVCAPIDemo", "MVCAPIDemo\MVCAPIDemo.csproj", "{D07894F0-E6C1-435E-9D5B-F861C6DCABFE}"
EndProject
Project("{9A19103F-16F7-4668-BE54-9A1E7A4F7556}") = "ZUEPC.Constants", "Constants\ZUEPC.Constants.csproj", "{895BF68A-C7DF-41CF-92DE-1BB205383CF0}"
EndProject
Project("{2150E333-8FDC-42A3-9474-1A3956D46DE8}") = "src", "src", "{EE48BDD9-01E6-4B47-B86F-1B406EA00B26}"
EndProject
Project("{2150E333-8FDC-42A3-9474-1A3956D46DE8}") = "db", "db", "{D43820A8-6B58-4AC8-AACF-7848D4520167}"
EndProject
Project("{2150E333-8FDC-42A3-9474-1A3956D46DE8}") = "App", "App", "{50E9B8F1-A57F-4CA2-B6D3-AF577B0352C4}"
EndProject
Project("{2150E333-8FDC-42A3-9474-1A3956D46DE8}") = "Libs", "Libs", "{BCEF1BB8-F71A-48A4-A636-988BB6F4153B}"
EndProject
Project("{9A19103F-16F7-4668-BE54-9A1E7A4F7556}") = "ZUEPC.Users.Base", "Users.Base\ZUEPC.Users.Base.csproj", "{98CE7415-A4E5-4641-873C-909D0A1FB093}"
EndProject
Project("{2150E333-8FDC-42A3-9474-1A3956D46DE8}") = "Tests", "Tests", "{F4CC424F-335A-4B8B-98DC-10915253EF51}"
	ProjectSection(SolutionItems) = preProject
		tests\Users.json = tests\Users.json
	EndProjectSection
EndProject
Project("{9A19103F-16F7-4668-BE54-9A1E7A4F7556}") = "ZUEPC.Import", "KIS.Import\ZUEPC.Import.csproj", "{B5C5BE40-5D2D-4379-B090-9807806E8966}"
EndProject
Project("{9A19103F-16F7-4668-BE54-9A1E7A4F7556}") = "ImportTest", "ImportTest\ImportTest.csproj", "{894F8C3F-3A2F-47DD-A070-4CECFE4DF90F}"
EndProject
Global
	GlobalSection(SolutionConfigurationPlatforms) = preSolution
		Debug|Any CPU = Debug|Any CPU
		Release|Any CPU = Release|Any CPU
	EndGlobalSection
	GlobalSection(ProjectConfigurationPlatforms) = postSolution
		{D5A64B51-2DD4-4F8D-9228-8DC692EDDC5D}.Debug|Any CPU.ActiveCfg = Debug|Any CPU
		{D5A64B51-2DD4-4F8D-9228-8DC692EDDC5D}.Debug|Any CPU.Build.0 = Debug|Any CPU
		{D5A64B51-2DD4-4F8D-9228-8DC692EDDC5D}.Debug|Any CPU.Deploy.0 = Debug|Any CPU
		{D5A64B51-2DD4-4F8D-9228-8DC692EDDC5D}.Release|Any CPU.ActiveCfg = Release|Any CPU
		{D5A64B51-2DD4-4F8D-9228-8DC692EDDC5D}.Release|Any CPU.Build.0 = Release|Any CPU
		{D5A64B51-2DD4-4F8D-9228-8DC692EDDC5D}.Release|Any CPU.Deploy.0 = Release|Any CPU
		{DE107834-6A44-4FCD-8000-9AB8A97B3BA5}.Debug|Any CPU.ActiveCfg = Debug|Any CPU
		{DE107834-6A44-4FCD-8000-9AB8A97B3BA5}.Debug|Any CPU.Build.0 = Debug|Any CPU
		{DE107834-6A44-4FCD-8000-9AB8A97B3BA5}.Release|Any CPU.ActiveCfg = Release|Any CPU
		{DE107834-6A44-4FCD-8000-9AB8A97B3BA5}.Release|Any CPU.Build.0 = Release|Any CPU
		{D07894F0-E6C1-435E-9D5B-F861C6DCABFE}.Debug|Any CPU.ActiveCfg = Debug|Any CPU
		{D07894F0-E6C1-435E-9D5B-F861C6DCABFE}.Debug|Any CPU.Build.0 = Debug|Any CPU
		{D07894F0-E6C1-435E-9D5B-F861C6DCABFE}.Release|Any CPU.ActiveCfg = Release|Any CPU
		{D07894F0-E6C1-435E-9D5B-F861C6DCABFE}.Release|Any CPU.Build.0 = Release|Any CPU
		{895BF68A-C7DF-41CF-92DE-1BB205383CF0}.Debug|Any CPU.ActiveCfg = Debug|Any CPU
		{895BF68A-C7DF-41CF-92DE-1BB205383CF0}.Debug|Any CPU.Build.0 = Debug|Any CPU
		{895BF68A-C7DF-41CF-92DE-1BB205383CF0}.Release|Any CPU.ActiveCfg = Release|Any CPU
		{895BF68A-C7DF-41CF-92DE-1BB205383CF0}.Release|Any CPU.Build.0 = Release|Any CPU
		{98CE7415-A4E5-4641-873C-909D0A1FB093}.Debug|Any CPU.ActiveCfg = Debug|Any CPU
		{98CE7415-A4E5-4641-873C-909D0A1FB093}.Debug|Any CPU.Build.0 = Debug|Any CPU
		{98CE7415-A4E5-4641-873C-909D0A1FB093}.Release|Any CPU.ActiveCfg = Release|Any CPU
		{98CE7415-A4E5-4641-873C-909D0A1FB093}.Release|Any CPU.Build.0 = Release|Any CPU
		{B5C5BE40-5D2D-4379-B090-9807806E8966}.Debug|Any CPU.ActiveCfg = Debug|Any CPU
		{B5C5BE40-5D2D-4379-B090-9807806E8966}.Debug|Any CPU.Build.0 = Debug|Any CPU
		{B5C5BE40-5D2D-4379-B090-9807806E8966}.Release|Any CPU.ActiveCfg = Release|Any CPU
		{B5C5BE40-5D2D-4379-B090-9807806E8966}.Release|Any CPU.Build.0 = Release|Any CPU
		{894F8C3F-3A2F-47DD-A070-4CECFE4DF90F}.Debug|Any CPU.ActiveCfg = Debug|Any CPU
		{894F8C3F-3A2F-47DD-A070-4CECFE4DF90F}.Debug|Any CPU.Build.0 = Debug|Any CPU
		{894F8C3F-3A2F-47DD-A070-4CECFE4DF90F}.Release|Any CPU.ActiveCfg = Release|Any CPU
		{894F8C3F-3A2F-47DD-A070-4CECFE4DF90F}.Release|Any CPU.Build.0 = Release|Any CPU
	EndGlobalSection
	GlobalSection(SolutionProperties) = preSolution
		HideSolutionNode = FALSE
	EndGlobalSection
	GlobalSection(NestedProjects) = preSolution
		{D5A64B51-2DD4-4F8D-9228-8DC692EDDC5D} = {D43820A8-6B58-4AC8-AACF-7848D4520167}
		{DE107834-6A44-4FCD-8000-9AB8A97B3BA5} = {BCEF1BB8-F71A-48A4-A636-988BB6F4153B}
		{D07894F0-E6C1-435E-9D5B-F861C6DCABFE} = {50E9B8F1-A57F-4CA2-B6D3-AF577B0352C4}
		{895BF68A-C7DF-41CF-92DE-1BB205383CF0} = {BCEF1BB8-F71A-48A4-A636-988BB6F4153B}
		{50E9B8F1-A57F-4CA2-B6D3-AF577B0352C4} = {EE48BDD9-01E6-4B47-B86F-1B406EA00B26}
		{BCEF1BB8-F71A-48A4-A636-988BB6F4153B} = {EE48BDD9-01E6-4B47-B86F-1B406EA00B26}
		{98CE7415-A4E5-4641-873C-909D0A1FB093} = {BCEF1BB8-F71A-48A4-A636-988BB6F4153B}
		{B5C5BE40-5D2D-4379-B090-9807806E8966} = {BCEF1BB8-F71A-48A4-A636-988BB6F4153B}
		{894F8C3F-3A2F-47DD-A070-4CECFE4DF90F} = {50E9B8F1-A57F-4CA2-B6D3-AF577B0352C4}
	EndGlobalSection
	GlobalSection(ExtensibilityGlobals) = postSolution
		SolutionGuid = {BE73969F-047E-4008-8354-802A4EB23671}
	EndGlobalSection
EndGlobal
